<Solution>
  <Folder Name="/Audit/" />
  <Folder Name="/Audit/src/">
    <Project Path="Audit/src/Recuro.Audit.Api/Recuro.Audit.Api.csproj" />
    <Project Path="Audit/src/Recuro.Audit.Application/Recuro.Audit.Application.csproj" />
    <Project Path="Audit/src/Recuro.Audit.Domain/Recuro.Audit.Domain.csproj" />
    <Project Path="Audit/src/Recuro.Audit.Infrastructure/Recuro.Audit.Infrastructure.csproj" />
  </Folder>
  <Folder Name="/Audit/tests/">
    <Project Path="Audit/tests/Recuro.Audit.IntegrationTests/Recuro.Audit.IntegrationTests.csproj" />
    <Project Path="Audit/tests/Recuro.Audit.UnitTests/Recuro.Audit.UnitTests.csproj" />
  </Folder>
  <Folder Name="/Bgv/" />
  <Folder Name="/Bgv/src/">
    <Project Path="Bgv/src/Recuro.Bgv.Api/Recuro.Bgv.Api.csproj" />
    <Project Path="Bgv/src/Recuro.Bgv.Application/Recuro.Bgv.Application.csproj" />
    <Project Path="Bgv/src/Recuro.Bgv.Domain/Recuro.Bgv.Domain.csproj" />
    <Project Path="Bgv/src/Recuro.Bgv.Infrastructure/Recuro.Bgv.Infrastructure.csproj" />
  </Folder>
  <Folder Name="/Bgv/tests/">
    <Project Path="Bgv/tests/Recuro.Bgv.IntegrationTests/Recuro.Bgv.IntegrationTests.csproj" />
    <Project Path="Bgv/tests/Recuro.Bgv.UnitTests/Recuro.Bgv.UnitTests.csproj" />
  </Folder>
  <Folder Name="/BuildingBlocks/" />
  <Folder Name="/BuildingBlocks/src/">
    <Project Path="BuildingBlocks/src/Recuro.BuildingBlocks.Application/Recuro.BuildingBlocks.Application.csproj" />
    <Project Path="BuildingBlocks/src/Recuro.BuildingBlocks.Domain/Recuro.BuildingBlocks.Domain.csproj" />
    <Project Path="BuildingBlocks/src/Recuro.BuildingBlocks.Infrastructure/Recuro.BuildingBlocks.Infrastructure.csproj" />
    <Project Path="BuildingBlocks/src/Recuro.BuildingBlocks.Web/Recuro.BuildingBlocks.Web.csproj" />
  </Folder>
  <Folder Name="/BuildingBlocks/tests/">
    <Project Path="BuildingBlocks/tests/Recuro.BuildingBlocks.IntegrationTests/Recuro.BuildingBlocks.IntegrationTests.csproj" />
    <Project Path="BuildingBlocks/tests/Recuro.BuildingBlocks.UnitTests/Recuro.BuildingBlocks.UnitTests.csproj" />
  </Folder>
  <Folder Name="/Candidate/" />
  <Folder Name="/Candidate/src/">
    <Project Path="Candidate/src/Recuro.Candidate.Api/Recuro.Candidate.Api.csproj" />
    <Project Path="Candidate/src/Recuro.Candidate.Application/Recuro.Candidate.Application.csproj" />
    <Project Path="Candidate/src/Recuro.Candidate.Domain/Recuro.Candidate.Domain.csproj" />
    <Project Path="Candidate/src/Recuro.Candidate.Infrastructure/Recuro.Candidate.Infrastructure.csproj" />
  </Folder>
  <Folder Name="/Candidate/tests/">
    <Project Path="Candidate/tests/Recuro.Candidate.IntegrationTests/Recuro.Candidate.IntegrationTests.csproj" />
    <Project Path="Candidate/tests/Recuro.Candidate.UnitTests/Recuro.Candidate.UnitTests.csproj" />
  </Folder>
  <Folder Name="/Careers/" />
  <Folder Name="/Careers/src/">
    <Project Path="Careers/src/Recuro.Careers.Api/Recuro.Careers.Api.csproj" />
    <Project Path="Careers/src/Recuro.Careers.Application/Recuro.Careers.Application.csproj" />
    <Project Path="Careers/src/Recuro.Careers.Domain/Recuro.Careers.Domain.csproj" />
    <Project Path="Careers/src/Recuro.Careers.Infrastructure/Recuro.Careers.Infrastructure.csproj" />
  </Folder>
  <Folder Name="/Careers/tests/">
    <Project Path="Careers/tests/Recuro.Careers.IntegrationTests/Recuro.Careers.IntegrationTests.csproj" />
    <Project Path="Careers/tests/Recuro.Careers.UnitTests/Recuro.Careers.UnitTests.csproj" />
  </Folder>
  <Folder Name="/Config/" />
  <Folder Name="/Config/src/">
    <Project Path="Config/src/Recuro.Config.Api/Recuro.Config.Api.csproj" />
    <Project Path="Config/src/Recuro.Config.Application/Recuro.Config.Application.csproj" />
    <Project Path="Config/src/Recuro.Config.Domain/Recuro.Config.Domain.csproj" />
    <Project Path="Config/src/Recuro.Config.Infrastructure/Recuro.Config.Infrastructure.csproj" />
  </Folder>
  <Folder Name="/Config/tests/">
    <Project Path="Config/tests/Recuro.Config.IntegrationTests/Recuro.Config.IntegrationTests.csproj" />
    <Project Path="Config/tests/Recuro.Config.UnitTests/Recuro.Config.UnitTests.csproj" />
  </Folder>
  <Folder Name="/Employee/" />
  <Folder Name="/Employee/src/">
    <Project Path="Employee/src/Recuro.Employee.Api/Recuro.Employee.Api.csproj" />
    <Project Path="Employee/src/Recuro.Employee.Application/Recuro.Employee.Application.csproj" />
    <Project Path="Employee/src/Recuro.Employee.Domain/Recuro.Employee.Domain.csproj" />
    <Project Path="Employee/src/Recuro.Employee.Infrastructure/Recuro.Employee.Infrastructure.csproj" />
  </Folder>
  <Folder Name="/Employee/tests/">
    <Project Path="Employee/tests/Recuro.Employee.IntegrationTests/Recuro.Employee.IntegrationTests.csproj" />
    <Project Path="Employee/tests/Recuro.Employee.UnitTests/Recuro.Employee.UnitTests.csproj" />
  </Folder>
  <Folder Name="/Gateway/" />
  <Folder Name="/Gateway/src/">
    <Project Path="Gateway/src/Recuro.Gateway/Recuro.Gateway.csproj" />
  </Folder>
  <Folder Name="/Gateway/tests/">
    <Project Path="Gateway/tests/Recuro.Gateway.Tests/Recuro.Gateway.Tests.csproj" />
  </Folder>
  <Folder Name="/Identity/" />
  <Folder Name="/Identity/src/">
    <Project Path="Identity/src/Recuro.Identity.Api/Recuro.Identity.Api.csproj" />
    <Project Path="Identity/src/Recuro.Identity.Application/Recuro.Identity.Application.csproj" />
    <Project Path="Identity/src/Recuro.Identity.Domain/Recuro.Identity.Domain.csproj" />
    <Project Path="Identity/src/Recuro.Identity.Infrastructure/Recuro.Identity.Infrastructure.csproj" />
  </Folder>
  <Folder Name="/Identity/tests/">
    <Project Path="Identity/tests/Recuro.Identity.IntegrationTests/Recuro.Identity.IntegrationTests.csproj" />
    <Project Path="Identity/tests/Recuro.Identity.UnitTests/Recuro.Identity.UnitTests.csproj" />
  </Folder>
  <Folder Name="/Notification/" />
  <Folder Name="/Notification/src/">
    <Project Path="Notification/src/Recuro.Notification.Api/Recuro.Notification.Api.csproj" />
    <Project Path="Notification/src/Recuro.Notification.Application/Recuro.Notification.Application.csproj" />
    <Project Path="Notification/src/Recuro.Notification.Domain/Recuro.Notification.Domain.csproj" />
    <Project Path="Notification/src/Recuro.Notification.Infrastructure/Recuro.Notification.Infrastructure.csproj" />
  </Folder>
  <Folder Name="/Notification/tests/">
    <Project Path="Notification/tests/Recuro.Notification.IntegrationTests/Recuro.Notification.IntegrationTests.csproj" />
    <Project Path="Notification/tests/Recuro.Notification.UnitTests/Recuro.Notification.UnitTests.csproj" />
  </Folder>
  <Folder Name="/Pipeline/" />
  <Folder Name="/Pipeline/src/">
    <Project Path="Pipeline/src/Recuro.Pipeline.Api/Recuro.Pipeline.Api.csproj" />
    <Project Path="Pipeline/src/Recuro.Pipeline.Application/Recuro.Pipeline.Application.csproj" />
    <Project Path="Pipeline/src/Recuro.Pipeline.Domain/Recuro.Pipeline.Domain.csproj" />
    <Project Path="Pipeline/src/Recuro.Pipeline.Infrastructure/Recuro.Pipeline.Infrastructure.csproj" />
  </Folder>
  <Folder Name="/Pipeline/tests/">
    <Project Path="Pipeline/tests/Recuro.Pipeline.IntegrationTests/Recuro.Pipeline.IntegrationTests.csproj" />
    <Project Path="Pipeline/tests/Recuro.Pipeline.UnitTests/Recuro.Pipeline.UnitTests.csproj" />
  </Folder>
  <Folder Name="/Requisition/" />
  <Folder Name="/Requisition/src/">
    <Project Path="Requisition/src/Recuro.Requisition.Api/Recuro.Requisition.Api.csproj" />
    <Project Path="Requisition/src/Recuro.Requisition.Application/Recuro.Requisition.Application.csproj" />
    <Project Path="Requisition/src/Recuro.Requisition.Domain/Recuro.Requisition.Domain.csproj" />
    <Project Path="Requisition/src/Recuro.Requisition.Infrastructure/Recuro.Requisition.Infrastructure.csproj" />
  </Folder>
  <Folder Name="/Requisition/tests/">
    <Project Path="Requisition/tests/Recuro.Requisition.IntegrationTests/Recuro.Requisition.IntegrationTests.csproj" />
    <Project Path="Requisition/tests/Recuro.Requisition.UnitTests/Recuro.Requisition.UnitTests.csproj" />
  </Folder>
  <Folder Name="/Vendor/" />
  <Folder Name="/Vendor/src/">
    <Project Path="Vendor/src/Recuro.Vendor.Api/Recuro.Vendor.Api.csproj" />
    <Project Path="Vendor/src/Recuro.Vendor.Application/Recuro.Vendor.Application.csproj" />
    <Project Path="Vendor/src/Recuro.Vendor.Domain/Recuro.Vendor.Domain.csproj" />
    <Project Path="Vendor/src/Recuro.Vendor.Infrastructure/Recuro.Vendor.Infrastructure.csproj" />
  </Folder>
  <Folder Name="/Vendor/tests/">
    <Project Path="Vendor/tests/Recuro.Vendor.IntegrationTests/Recuro.Vendor.IntegrationTests.csproj" />
    <Project Path="Vendor/tests/Recuro.Vendor.UnitTests/Recuro.Vendor.UnitTests.csproj" />
  </Folder>
  <Folder Name="/Workflow/" />
  <Folder Name="/Workflow/src/">
    <Project Path="Workflow/src/Recuro.Workflow.Api/Recuro.Workflow.Api.csproj" />
    <Project Path="Workflow/src/Recuro.Workflow.Application/Recuro.Workflow.Application.csproj" />
    <Project Path="Workflow/src/Recuro.Workflow.Domain/Recuro.Workflow.Domain.csproj" />
    <Project Path="Workflow/src/Recuro.Workflow.Infrastructure/Recuro.Workflow.Infrastructure.csproj" />
  </Folder>
  <Folder Name="/Workflow/tests/">
    <Project Path="Workflow/tests/Recuro.Workflow.IntegrationTests/Recuro.Workflow.IntegrationTests.csproj" />
    <Project Path="Workflow/tests/Recuro.Workflow.UnitTests/Recuro.Workflow.UnitTests.csproj" />
  </Folder>
  <Folder Name="/tests/">
    <Project Path="tests/Recuro.ArchitectureTests/Recuro.ArchitectureTests.csproj" />
  </Folder>
</Solution>
