<Solution>
  <Folder Name="/Audit/" />
  <Folder Name="/Audit/src/">
    <Project Path="Audit/src/Recuro.Audit.Api/Recuro.Audit.Api.csproj" />
    <Project Path="Audit/src/Recuro.Audit.Application/Recuro.Audit.Application.csproj" />
    <Project Path="Audit/src/Recuro.Audit.Domain/Recuro.Audit.Domain.csproj" />
    <Project Path="Audit/src/Recuro.Audit.Infrastructure/Recuro.Audit.Infrastructure.csproj" />
  </Folder>
  <Folder Name="/Audit/tests/">
    <Project Path="Audit/tests/Recuro.Audit.IntegrationTests/Recuro.Audit.IntegrationTests.csproj" />
    <Project Path="Audit/tests/Recuro.Audit.UnitTests/Recuro.Audit.UnitTests.csproj" />
  </Folder>
  <Folder Name="/BuildingBlocks/" />
  <Folder Name="/BuildingBlocks/src/">
    <Project Path="BuildingBlocks/src/Recuro.BuildingBlocks.Application/Recuro.BuildingBlocks.Application.csproj" />
    <Project Path="BuildingBlocks/src/Recuro.BuildingBlocks.Domain/Recuro.BuildingBlocks.Domain.csproj" />
    <Project Path="BuildingBlocks/src/Recuro.BuildingBlocks.Infrastructure/Recuro.BuildingBlocks.Infrastructure.csproj" />
    <Project Path="BuildingBlocks/src/Recuro.BuildingBlocks.Web/Recuro.BuildingBlocks.Web.csproj" />
  </Folder>
  <Folder Name="/BuildingBlocks/tests/">
    <Project Path="BuildingBlocks/tests/Recuro.BuildingBlocks.IntegrationTests/Recuro.BuildingBlocks.IntegrationTests.csproj" />
    <Project Path="BuildingBlocks/tests/Recuro.BuildingBlocks.UnitTests/Recuro.BuildingBlocks.UnitTests.csproj" />
  </Folder>
  <Folder Name="/Candidate/" />
  <Folder Name="/Candidate/src/">
    <Project Path="Candidate/src/Recuro.Candidate.Api/Recuro.Candidate.Api.csproj" />
    <Project Path="Candidate/src/Recuro.Candidate.Application/Recuro.Candidate.Application.csproj" />
    <Project Path="Candidate/src/Recuro.Candidate.Domain/Recuro.Candidate.Domain.csproj" />
    <Project Path="Candidate/src/Recuro.Candidate.Infrastructure/Recuro.Candidate.Infrastructure.csproj" />
  </Folder>
  <Folder Name="/Candidate/tests/">
    <Project Path="Candidate/tests/Recuro.Candidate.IntegrationTests/Recuro.Candidate.IntegrationTests.csproj" />
    <Project Path="Candidate/tests/Recuro.Candidate.UnitTests/Recuro.Candidate.UnitTests.csproj" />
  </Folder>
  <Folder Name="/Config/" />
  <Folder Name="/Config/src/">
    <Project Path="Config/src/Recuro.Config.Api/Recuro.Config.Api.csproj" />
    <Project Path="Config/src/Recuro.Config.Application/Recuro.Config.Application.csproj" />
    <Project Path="Config/src/Recuro.Config.Domain/Recuro.Config.Domain.csproj" />
    <Project Path="Config/src/Recuro.Config.Infrastructure/Recuro.Config.Infrastructure.csproj" />
  </Folder>
  <Folder Name="/Config/tests/">
    <Project Path="Config/tests/Recuro.Config.IntegrationTests/Recuro.Config.IntegrationTests.csproj" />
    <Project Path="Config/tests/Recuro.Config.UnitTests/Recuro.Config.UnitTests.csproj" />
  </Folder>
  <Folder Name="/Gateway/" />
  <Folder Name="/Gateway/src/">
    <Project Path="Gateway/src/Recuro.Gateway/Recuro.Gateway.csproj" />
  </Folder>
  <Folder Name="/Gateway/tests/">
    <Project Path="Gateway/tests/Recuro.Gateway.Tests/Recuro.Gateway.Tests.csproj" />
  </Folder>
  <Folder Name="/Identity/" />
  <Folder Name="/Identity/src/">
    <Project Path="Identity/src/Recuro.Identity.Api/Recuro.Identity.Api.csproj" />
    <Project Path="Identity/src/Recuro.Identity.Application/Recuro.Identity.Application.csproj" />
    <Project Path="Identity/src/Recuro.Identity.Domain/Recuro.Identity.Domain.csproj" />
    <Project Path="Identity/src/Recuro.Identity.Infrastructure/Recuro.Identity.Infrastructure.csproj" />
  </Folder>
  <Folder Name="/Identity/tests/">
    <Project Path="Identity/tests/Recuro.Identity.IntegrationTests/Recuro.Identity.IntegrationTests.csproj" />
    <Project Path="Identity/tests/Recuro.Identity.UnitTests/Recuro.Identity.UnitTests.csproj" />
  </Folder>
  <Folder Name="/Notification/" />
  <Folder Name="/Notification/src/">
    <Project Path="Notification/src/Recuro.Notification.Api/Recuro.Notification.Api.csproj" />
    <Project Path="Notification/src/Recuro.Notification.Application/Recuro.Notification.Application.csproj" />
    <Project Path="Notification/src/Recuro.Notification.Domain/Recuro.Notification.Domain.csproj" />
    <Project Path="Notification/src/Recuro.Notification.Infrastructure/Recuro.Notification.Infrastructure.csproj" />
  </Folder>
  <Folder Name="/Notification/tests/">
    <Project Path="Notification/tests/Recuro.Notification.IntegrationTests/Recuro.Notification.IntegrationTests.csproj" />
    <Project Path="Notification/tests/Recuro.Notification.UnitTests/Recuro.Notification.UnitTests.csproj" />
  </Folder>
  <Folder Name="/Pipeline/" />
  <Folder Name="/Pipeline/src/">
    <Project Path="Pipeline/src/Recuro.Pipeline.Api/Recuro.Pipeline.Api.csproj" />
    <Project Path="Pipeline/src/Recuro.Pipeline.Application/Recuro.Pipeline.Application.csproj" />
    <Project Path="Pipeline/src/Recuro.Pipeline.Domain/Recuro.Pipeline.Domain.csproj" />
    <Project Path="Pipeline/src/Recuro.Pipeline.Infrastructure/Recuro.Pipeline.Infrastructure.csproj" />
  </Folder>
  <Folder Name="/Pipeline/tests/">
    <Project Path="Pipeline/tests/Recuro.Pipeline.IntegrationTests/Recuro.Pipeline.IntegrationTests.csproj" />
    <Project Path="Pipeline/tests/Recuro.Pipeline.UnitTests/Recuro.Pipeline.UnitTests.csproj" />
  </Folder>
  <Folder Name="/tests/">
    <Project Path="tests/Recuro.ArchitectureTests/Recuro.ArchitectureTests.csproj" />
  </Folder>
</Solution>
